github.com/mpanchajanya/submodules/b v0.0.1 h1:BrFJOluCsfRK6M7JkqL+mdUgkXmO+QspWDesistkHRk=
github.com/mpanchajanya/submodules/b v0.0.1/go.mod h1:I+FI5POug13gBZ9sZ+rWGkj6JyMpmoI5fC9/fJ708NU=
github.com/mpanchajanya/submodules/testing v0.0.1 h1:vr18GW2lJ4mYbQT0m1WlKLPuvXSBnmopafepYphrnNk=
github.com/mpanchajanya/submodules/testing v0.0.1/go.mod h1:ElUDEMTY9dKwCXkB8QfueFemFVH51GyH6akz456v1NQ=
