github.com/mpanchajanya/submodules/b v0.0.1 h1:BrFJOluCsfRK6M7JkqL+mdUgkXmO+QspWDesistkHRk=
github.com/mpanchajanya/submodules/b v0.0.1/go.mod h1:I+FI5POug13gBZ9sZ+rWGkj6JyMpmoI5fC9/fJ708NU=
github.com/mpanchajanya/submodules/e2e v0.0.2 h1:3zjEHOIpwWxDHNA2fkbgbDwFXz0DffiDuBLlW6CNEts=
github.com/mpanchajanya/submodules/e2e v0.0.2/go.mod h1:dT8sSwl5NPJbYb+qOUg/UWVrvWxOlg6EJuSj2tL5oUE=
